
Microsoft Visual Studio Solution File, Format Version 12.00
# Visual Studio Version 17
VisualStudioVersion = 17.3.32922.545
MinimumVisualStudioVersion = 10.0.40219.1
Project("{9A19103F-16F7-4668-BE54-9A1E7A4F7556}") = "BezoekersRegistratieSysteemBL", "BezoekersRegistratieSysteemBL\BezoekersRegistratieSysteemBL.csproj", "{C99B2388-58B3-4DED-A2FB-0C40CDC87ED0}"
EndProject
Project("{9A19103F-16F7-4668-BE54-9A1E7A4F7556}") = "BezoekersRegistratieSysteemREST", "BezoekersRegistratieSysteemREST\BezoekersRegistratieSysteemREST.csproj", "{87692288-14FA-470C-8063-81308A29B034}"
EndProject
Project("{9A19103F-16F7-4668-BE54-9A1E7A4F7556}") = "xUnitBezoekersRegistratieSysteem", "xUnitBezoekersRegistratieSysteem\xUnitBezoekersRegistratieSysteem.csproj", "{B18B5320-93A6-44B9-A97F-2FEA0014B573}"
EndProject
Project("{9A19103F-16F7-4668-BE54-9A1E7A4F7556}") = "BezoekersRegistratieSysteemUI", "BezoekersRegistratieSysteemUI\BezoekersRegistratieSysteemUI.csproj", "{1ED373CB-7E22-4F68-A3E9-BE75C07A52DA}"
EndProject
Project("{9A19103F-16F7-4668-BE54-9A1E7A4F7556}") = "BezoekersRegistratieSysteemCLI", "BezoekersRegistratieSysteemCLI\BezoekersRegistratieSysteemCLI.csproj", "{4411B6DC-2EBB-4682-909E-1A969102D137}"
EndProject
Project("{2150E333-8FDC-42A3-9474-1A3956D46DE8}") = "BezoekersRegistratieSysteemDL", "BezoekersRegistratieSysteemDL", "{BF9BC225-AA63-488A-ACE6-26AFCA66521B}"
EndProject
Project("{9A19103F-16F7-4668-BE54-9A1E7A4F7556}") = "BezoekersRegistratieSysteemMsServer", "BezoekersRegistratieSysteemADO\BezoekersRegistratieSysteemMsServer.csproj", "{4C0570A7-E175-4623-B8CD-A0F30DA41090}"
EndProject
Project("{9A19103F-16F7-4668-BE54-9A1E7A4F7556}") = "BezoekersRegistratieSysteemMySQL", "BezoekersRegistratieSysteemMySQL\BezoekersRegistratieSysteemMySQL.csproj", "{46907089-5B3F-4628-B364-D59FF1C5D216}"
EndProject
Project("{9A19103F-16F7-4668-BE54-9A1E7A4F7556}") = "BezoekerRegistratieSysteemDLPicker", "BezoekerRegistratieSysteemDLPicker\BezoekerRegistratieSysteemDLPicker.csproj", "{8C0610ED-A022-476A-9035-078C666346C6}"
EndProject
Global
	GlobalSection(SolutionConfigurationPlatforms) = preSolution
		Debug|Any CPU = Debug|Any CPU
		Release|Any CPU = Release|Any CPU
	EndGlobalSection
	GlobalSection(ProjectConfigurationPlatforms) = postSolution
		{C99B2388-58B3-4DED-A2FB-0C40CDC87ED0}.Debug|Any CPU.ActiveCfg = Debug|Any CPU
		{C99B2388-58B3-4DED-A2FB-0C40CDC87ED0}.Debug|Any CPU.Build.0 = Debug|Any CPU
		{C99B2388-58B3-4DED-A2FB-0C40CDC87ED0}.Release|Any CPU.ActiveCfg = Release|Any CPU
		{C99B2388-58B3-4DED-A2FB-0C40CDC87ED0}.Release|Any CPU.Build.0 = Release|Any CPU
		{87692288-14FA-470C-8063-81308A29B034}.Debug|Any CPU.ActiveCfg = Debug|Any CPU
		{87692288-14FA-470C-8063-81308A29B034}.Debug|Any CPU.Build.0 = Debug|Any CPU
		{87692288-14FA-470C-8063-81308A29B034}.Release|Any CPU.ActiveCfg = Release|Any CPU
		{87692288-14FA-470C-8063-81308A29B034}.Release|Any CPU.Build.0 = Release|Any CPU
		{B18B5320-93A6-44B9-A97F-2FEA0014B573}.Debug|Any CPU.ActiveCfg = Debug|Any CPU
		{B18B5320-93A6-44B9-A97F-2FEA0014B573}.Debug|Any CPU.Build.0 = Debug|Any CPU
		{B18B5320-93A6-44B9-A97F-2FEA0014B573}.Release|Any CPU.ActiveCfg = Release|Any CPU
		{B18B5320-93A6-44B9-A97F-2FEA0014B573}.Release|Any CPU.Build.0 = Release|Any CPU
		{1ED373CB-7E22-4F68-A3E9-BE75C07A52DA}.Debug|Any CPU.ActiveCfg = Debug|Any CPU
		{1ED373CB-7E22-4F68-A3E9-BE75C07A52DA}.Debug|Any CPU.Build.0 = Debug|Any CPU
		{1ED373CB-7E22-4F68-A3E9-BE75C07A52DA}.Release|Any CPU.ActiveCfg = Release|Any CPU
		{1ED373CB-7E22-4F68-A3E9-BE75C07A52DA}.Release|Any CPU.Build.0 = Release|Any CPU
		{4411B6DC-2EBB-4682-909E-1A969102D137}.Debug|Any CPU.ActiveCfg = Debug|Any CPU
		{4411B6DC-2EBB-4682-909E-1A969102D137}.Debug|Any CPU.Build.0 = Debug|Any CPU
		{4411B6DC-2EBB-4682-909E-1A969102D137}.Release|Any CPU.ActiveCfg = Release|Any CPU
		{4411B6DC-2EBB-4682-909E-1A969102D137}.Release|Any CPU.Build.0 = Release|Any CPU
		{4C0570A7-E175-4623-B8CD-A0F30DA41090}.Debug|Any CPU.ActiveCfg = Debug|Any CPU
		{4C0570A7-E175-4623-B8CD-A0F30DA41090}.Debug|Any CPU.Build.0 = Debug|Any CPU
		{4C0570A7-E175-4623-B8CD-A0F30DA41090}.Release|Any CPU.ActiveCfg = Release|Any CPU
		{4C0570A7-E175-4623-B8CD-A0F30DA41090}.Release|Any CPU.Build.0 = Release|Any CPU
		{46907089-5B3F-4628-B364-D59FF1C5D216}.Debug|Any CPU.ActiveCfg = Debug|Any CPU
		{46907089-5B3F-4628-B364-D59FF1C5D216}.Debug|Any CPU.Build.0 = Debug|Any CPU
		{46907089-5B3F-4628-B364-D59FF1C5D216}.Release|Any CPU.ActiveCfg = Release|Any CPU
		{46907089-5B3F-4628-B364-D59FF1C5D216}.Release|Any CPU.Build.0 = Release|Any CPU
		{8C0610ED-A022-476A-9035-078C666346C6}.Debug|Any CPU.ActiveCfg = Debug|Any CPU
		{8C0610ED-A022-476A-9035-078C666346C6}.Debug|Any CPU.Build.0 = Debug|Any CPU
		{8C0610ED-A022-476A-9035-078C666346C6}.Release|Any CPU.ActiveCfg = Release|Any CPU
		{8C0610ED-A022-476A-9035-078C666346C6}.Release|Any CPU.Build.0 = Release|Any CPU
	EndGlobalSection
	GlobalSection(SolutionProperties) = preSolution
		HideSolutionNode = FALSE
	EndGlobalSection
	GlobalSection(NestedProjects) = preSolution
		{4C0570A7-E175-4623-B8CD-A0F30DA41090} = {BF9BC225-AA63-488A-ACE6-26AFCA66521B}
		{46907089-5B3F-4628-B364-D59FF1C5D216} = {BF9BC225-AA63-488A-ACE6-26AFCA66521B}
		{8C0610ED-A022-476A-9035-078C666346C6} = {BF9BC225-AA63-488A-ACE6-26AFCA66521B}
	EndGlobalSection
	GlobalSection(ExtensibilityGlobals) = postSolution
		SolutionGuid = {806B5AC7-EFA6-4D74-BD6A-3F0C6544B3C5}
	EndGlobalSection
EndGlobal
